
Microsoft Visual Studio Solution File, Format Version 12.00
# Visual Studio 15
VisualStudioVersion = 15.0.27703.2035
MinimumVisualStudioVersion = 10.0.40219.1
Project("{FAE04EC0-301F-11D3-BF4B-00C04F79EFBC}") = "CurrencyConverter", "CurrencyConverter\CurrencyConverter.csproj", "{C558680F-4825-4B58-83B6-AD9356F69DAE}"
EndProject
Global
	GlobalSection(SolutionConfigurationPlatforms) = preSolution
		Debug|Any CPU = Debug|Any CPU
		Release|Any CPU = Release|Any CPU
	EndGlobalSection
	GlobalSection(ProjectConfigurationPlatforms) = postSolution
		{C558680F-4825-4B58-83B6-AD9356F69DAE}.Debug|Any CPU.ActiveCfg = Debug|Any CPU
		{C558680F-4825-4B58-83B6-AD9356F69DAE}.Debug|Any CPU.Build.0 = Debug|Any CPU
		{C558680F-4825-4B58-83B6-AD9356F69DAE}.Release|Any CPU.ActiveCfg = Release|Any CPU
		{C558680F-4825-4B58-83B6-AD9356F69DAE}.Release|Any CPU.Build.0 = Release|Any CPU
	EndGlobalSection
	GlobalSection(SolutionProperties) = preSolution
		HideSolutionNode = FALSE
	EndGlobalSection
	GlobalSection(ExtensibilityGlobals) = postSolution
		SolutionGuid = {718EE9BB-58EE-4E61-BF7E-52DA25053B61}
	EndGlobalSection
EndGlobal
